
Microsoft Visual Studio Solution File, Format Version 12.00
# Visual Studio Version 17
VisualStudioVersion = 17.4.33110.190
MinimumVisualStudioVersion = 10.0.40219.1
Project("{FAE04EC0-301F-11D3-BF4B-00C04F79EFBC}") = "BankProject.Presentation", "BankProjectPresentation\BankProject.Presentation.csproj", "{245CBA13-A84C-45A5-89BB-1DD57A1F0742}"
EndProject
Project("{FAE04EC0-301F-11D3-BF4B-00C04F79EFBC}") = "BankProject.Entities", "BankProject.Entities\BankProject.Entities.csproj", "{92E591CD-2B5E-4905-B33D-18D19BD13B7F}"
EndProject
Project("{FAE04EC0-301F-11D3-BF4B-00C04F79EFBC}") = "BankProject.DataAccessLayer", "BankProject.DataAccesLayer\BankProject.DataAccessLayer.csproj", "{95FE67E5-4147-488F-9FE3-7CDF2E64B346}"
EndProject
Project("{FAE04EC0-301F-11D3-BF4B-00C04F79EFBC}") = "BankProject.BusinessLogicLayer", "BankProject.BusinessLogicLayer\BankProject.BusinessLogicLayer.csproj", "{7214577A-0EEF-44B9-95CE-D03620BBCEB2}"
EndProject
Project("{FAE04EC0-301F-11D3-BF4B-00C04F79EFBC}") = "BankProject.Configuration", "BankProject.Configuration\BankProject.Configuration.csproj", "{CD26C57E-00AF-47F3-A6C6-6D68596C3946}"
EndProject
Project("{FAE04EC0-301F-11D3-BF4B-00C04F79EFBC}") = "BankProject.Exceptions", "BankProject.Exceptions\BankProject.Exceptions.csproj", "{22EB43F6-EE97-4589-AF2A-3577707C04A6}"
EndProject
Global
	GlobalSection(SolutionConfigurationPlatforms) = preSolution
		Debug|Any CPU = Debug|Any CPU
		Release|Any CPU = Release|Any CPU
	EndGlobalSection
	GlobalSection(ProjectConfigurationPlatforms) = postSolution
		{245CBA13-A84C-45A5-89BB-1DD57A1F0742}.Debug|Any CPU.ActiveCfg = Debug|Any CPU
		{245CBA13-A84C-45A5-89BB-1DD57A1F0742}.Debug|Any CPU.Build.0 = Debug|Any CPU
		{245CBA13-A84C-45A5-89BB-1DD57A1F0742}.Release|Any CPU.ActiveCfg = Release|Any CPU
		{245CBA13-A84C-45A5-89BB-1DD57A1F0742}.Release|Any CPU.Build.0 = Release|Any CPU
		{92E591CD-2B5E-4905-B33D-18D19BD13B7F}.Debug|Any CPU.ActiveCfg = Debug|Any CPU
		{92E591CD-2B5E-4905-B33D-18D19BD13B7F}.Debug|Any CPU.Build.0 = Debug|Any CPU
		{92E591CD-2B5E-4905-B33D-18D19BD13B7F}.Release|Any CPU.ActiveCfg = Release|Any CPU
		{92E591CD-2B5E-4905-B33D-18D19BD13B7F}.Release|Any CPU.Build.0 = Release|Any CPU
		{95FE67E5-4147-488F-9FE3-7CDF2E64B346}.Debug|Any CPU.ActiveCfg = Debug|Any CPU
		{95FE67E5-4147-488F-9FE3-7CDF2E64B346}.Debug|Any CPU.Build.0 = Debug|Any CPU
		{95FE67E5-4147-488F-9FE3-7CDF2E64B346}.Release|Any CPU.ActiveCfg = Release|Any CPU
		{95FE67E5-4147-488F-9FE3-7CDF2E64B346}.Release|Any CPU.Build.0 = Release|Any CPU
		{7214577A-0EEF-44B9-95CE-D03620BBCEB2}.Debug|Any CPU.ActiveCfg = Debug|Any CPU
		{7214577A-0EEF-44B9-95CE-D03620BBCEB2}.Debug|Any CPU.Build.0 = Debug|Any CPU
		{7214577A-0EEF-44B9-95CE-D03620BBCEB2}.Release|Any CPU.ActiveCfg = Release|Any CPU
		{7214577A-0EEF-44B9-95CE-D03620BBCEB2}.Release|Any CPU.Build.0 = Release|Any CPU
		{CD26C57E-00AF-47F3-A6C6-6D68596C3946}.Debug|Any CPU.ActiveCfg = Debug|Any CPU
		{CD26C57E-00AF-47F3-A6C6-6D68596C3946}.Debug|Any CPU.Build.0 = Debug|Any CPU
		{CD26C57E-00AF-47F3-A6C6-6D68596C3946}.Release|Any CPU.ActiveCfg = Release|Any CPU
		{CD26C57E-00AF-47F3-A6C6-6D68596C3946}.Release|Any CPU.Build.0 = Release|Any CPU
		{22EB43F6-EE97-4589-AF2A-3577707C04A6}.Debug|Any CPU.ActiveCfg = Debug|Any CPU
		{22EB43F6-EE97-4589-AF2A-3577707C04A6}.Debug|Any CPU.Build.0 = Debug|Any CPU
		{22EB43F6-EE97-4589-AF2A-3577707C04A6}.Release|Any CPU.ActiveCfg = Release|Any CPU
		{22EB43F6-EE97-4589-AF2A-3577707C04A6}.Release|Any CPU.Build.0 = Release|Any CPU
	EndGlobalSection
	GlobalSection(SolutionProperties) = preSolution
		HideSolutionNode = FALSE
	EndGlobalSection
	GlobalSection(ExtensibilityGlobals) = postSolution
		SolutionGuid = {358DDD50-C314-47D8-9395-CBD57F5C4E09}
	EndGlobalSection
EndGlobal
